PackratFormat: 1.4
PackratVersion: 0.4.3
RVersion: 3.1.2
Repos: CRAN=http://cran.rstudio.com

Package: BH
Source: CRAN
Version: 1.55.0-3
Hash: 1c7274ffc895d2c8f23ae98d83a912ed

Package: DBI
Source: CRAN
Version: 0.3.1
Hash: 3a9e85b26ec3ab570266bccb3f9de055

Package: MASS
Source: CRAN
Version: 7.3-39
Hash: 07a460fafc264e456aa1e7ae661a7194

Package: Matrix
Source: CRAN
Version: 1.1-5
Hash: fc193dc4dfd08172d8e2d1f9a627ae1d
Requires: lattice

Package: NLP
Source: CRAN
Version: 0.1-6
Hash: f290bff8c9846c3e0f851a7aeb6582be

Package: R6
Source: CRAN
Version: 2.0.1
Hash: 9a3ac4e5fd8059af0fc5156bcb019bbc

Package: RColorBrewer
Source: CRAN
Version: 1.1-2
Hash: 5203278413b09be06483c5ac1920bb05

Package: RCurl
Source: CRAN
Version: 1.95-4.5
Hash: 1187c1ea73013abf25f362a7e6da1046
Requires: bitops

Package: RJSONIO
Source: CRAN
Version: 1.3-0
Hash: 8b1341dfd547c90ed4b3365d5aa46a7b

Package: RWeka
Source: CRAN
Version: 0.4-24
Hash: c04ee199549e4ed3048616f579bfeb03
Requires: RWekajars, rJava

Package: RWekajars
Source: CRAN
Version: 3.7.12-1
Hash: d20d688348d1ff38adfe3926fcc4be17
Requires: rJava

Package: Rcpp
Source: CRAN
Version: 0.11.5
Hash: 3e452cb48f3ec8a7cf27fb9ab8624639

Package: RgoogleMaps
Source: CRAN
Version: 1.2.0.7
Hash: 7b89070606956de87fd505efec283740
Requires: RJSONIO, png

Package: assertthat
Source: CRAN
Version: 0.1
Hash: 4b419cfdc33a3019a7f3c6f0cdea6c38

Package: babynames
Source: CRAN
Version: 0.1
Hash: 3d17d61823f362b462cfe0a1557ece41

Package: bitops
Source: CRAN
Version: 1.0-6
Hash: cb26464a8321628636b547518994c931

Package: caTools
Source: CRAN
Version: 1.17.1
Hash: bb5fdc266f716b8a289a4f92007d53e3
Requires: bitops

Package: class
Source: CRAN
Version: 7.3-12
Hash: 561a5b919c670a3afabbd3430f78c39c
Requires: MASS

Package: classInt
Source: CRAN
Version: 0.1-22
Hash: 3a2857e45ac98724644b2e0c00986d16
Requires: class, e1071

Package: colorspace
Source: CRAN
Version: 1.2-6
Hash: a53ddc5a49706984d234ea5cc209c8f0

Package: d3Network
Source: CRAN
Version: 0.5.2.1
Hash: 40805bc3243ace919f6198fd093aa548
Requires: plyr, rjson, whisker

Package: dichromat
Source: CRAN
Version: 2.0-0
Hash: 42be2136555fa4b6167605df56d8cd7c

Package: digest
Source: CRAN
Version: 0.6.8
Hash: 89dc4c8734dad5322bb3c5c2af09056f

Package: dplyr
Source: CRAN
Version: 0.4.1
Hash: 3bcfd4ae622d206d1f0cd9f1c759846d
Requires: BH, DBI, R6, Rcpp, assertthat, lazyeval, magrittr

Package: e1071
Source: CRAN
Version: 1.6-4
Hash: 0fa8059d11f82a0c054aaa5065e80206
Requires: class

Package: evaluate
Source: CRAN
Version: 0.5.5
Hash: 20881970e590ee68de97a468694db7b0
Requires: stringr

Package: formatR
Source: CRAN
Version: 1.0
Hash: a90c211d7df7e61a72b8ab6c99c2e848

Package: geosphere
Source: CRAN
Version: 1.3-11
Hash: 13d55a922c33d6b4661bd095a306a450
Requires: sp

Package: ggmap
Source: CRAN
Version: 2.4
Hash: 6e6d3591c5436f7eb68da14a1b6b868e
Requires: RgoogleMaps, digest, geosphere, ggplot2, jpeg, mapproj, plyr,
    png, proto, reshape2, rjson, scales

Package: ggplot2
Source: CRAN
Version: 1.0.0
Hash: c8bff66238347472f08b6a35608539ff
Requires: MASS, digest, gtable, plyr, proto, reshape2, scales

Package: ggvis
Source: CRAN
Version: 0.4.1
Hash: 409c438440952999f71b11bec44d66d7
Requires: assertthat, dplyr, htmltools, jsonlite, lazyeval, magrittr,
    shiny

Package: gridExtra
Source: CRAN
Version: 0.9.1
Hash: 1cb7af8c140431ec4e99905f1d8adcc4

Package: gtable
Source: CRAN
Version: 0.1.2
Hash: 0cf4a2b54c02b35dec7e74a8ebed12a0

Package: highr
Source: CRAN
Version: 0.4
Hash: 8c77cca8556e1501621b4a5ccb7999bd

Package: historydata
Source: github
Version: 0.1
Hash: ed257b212709d11853ed8b5a182b144fc4ce321f
GithubRepo: historydata
GithubUsername: ropensci
GithubRef: master
GithubSha1: ed257b212709d11853ed8b5a182b144fc4ce321f

Package: htmltools
Source: CRAN
Version: 0.2.6
Hash: 2c87108d130de261ac3c468d3316ae42
Requires: digest

Package: httpuv
Source: CRAN
Version: 1.3.2
Hash: 1534fecf898455255e27d84e6ce94e2d
Requires: Rcpp

Package: httr
Source: CRAN
Version: 0.6.1
Hash: 3b082465d75a7a0c3d09ad06a0905aff
Requires: R6, RCurl, digest, jsonlite, mime, stringr

Package: igraph
Source: CRAN
Version: 0.7.1
Hash: e82d8e897ee5f480edb6a68b3d949dba
Requires: Matrix

Package: jpeg
Source: CRAN
Version: 0.1-8
Hash: 2a96df07e30724f8bb773e4f78c634c6

Package: jsonlite
Source: CRAN
Version: 0.9.14
Hash: 1e949c7f0f926734e2ff498eddb2309a

Package: knitr
Source: CRAN
Version: 1.9
Hash: 41c29594ced4d02b3b90b4c375680cd3
Requires: digest, evaluate, formatR, highr, markdown, stringr

Package: labeling
Source: CRAN
Version: 0.3
Hash: 568a992912caf7eeddfb121924154047

Package: lattice
Source: CRAN
Version: 0.20-30
Hash: d635f3e4d93949f095ec8ff37e5aeb04

Package: lazyeval
Source: CRAN
Version: 0.1.10
Hash: 7f88a453d0b52e36ea46d9d33c6dcf90

Package: lubridate
Source: CRAN
Version: 1.3.3
Hash: f19612b23b1b15febdf30ee920a6e7df
Requires: memoise, plyr, stringr

Package: magrittr
Source: CRAN
Version: 1.5
Hash: 38d492cf072bc9f3c73bda2aee3d0e23

Package: mallet
Source: CRAN
Version: 1.0
Hash: 861d8341136ad71434aaa5e91f12dc78
Requires: rJava

Package: mapproj
Source: CRAN
Version: 1.2-2
Hash: 26b74cac98f12af52703765791824ea2
Requires: maps

Package: maps
Source: CRAN
Version: 2.3-9
Hash: 236a24fa187bb1f3a1694f2915597c5e

Package: markdown
Source: CRAN
Version: 0.7.4
Hash: 01d7f71ed6e3d9b1c17ba51cff91be72
Requires: mime

Package: memoise
Source: CRAN
Version: 0.2.1
Hash: fc52fa39dfd216c44d64812ff31b1c67
Requires: digest

Package: mime
Source: CRAN
Version: 0.2
Hash: 9179db921fcb2e5be44e217042ed06bc

Package: mullenMisc
Source: github
Version: 0.1.11
Hash: 2f5fe917153b06438ec026331640c1883083d552
Requires: assertthat, dplyr, ggplot2, gridExtra, knitr, stringi
GithubRepo: mullenMisc
GithubUsername: lmullen
GithubRef: master
GithubSha1: 2f5fe917153b06438ec026331640c1883083d552

Package: munsell
Source: CRAN
Version: 0.4.2
Hash: fa8af6d040041439b249351e9d16ae9a
Requires: colorspace

Package: openNLP
Source: CRAN
Version: 0.2-4
Hash: 026b23ed5e908423ef843b0a07fb3a37
Requires: NLP, openNLPdata, rJava

Package: openNLPdata
Source: CRAN
Version: 1.5.3-1
Hash: 390dcc94fac62d7ee3ba94d6978d4849
Requires: rJava

Package: openNLPmodels.en
Source: source
Version: 1.5-1
Hash: 457ef6ad6001118004cc270477ff6e22
SourcePath: ~/R/local/openNLPmodels.en

Package: packrat
Source: CRAN
Version: 0.4.3
Hash: 16c72d5c802629fae5a4abca901e0199

Package: plyr
Source: CRAN
Version: 1.8.1
Hash: 6a4457c04af4cf5e4a8166ff59bcfd96
Requires: Rcpp

Package: png
Source: CRAN
Version: 0.1-7
Hash: 7559dcd0a9f188351986d0494ec1516d

Package: proto
Source: CRAN
Version: 0.3-10
Hash: 668a9e87cedbdc5f56c396edf1bd2648

Package: rJava
Source: CRAN
Version: 0.9-6
Hash: 5ea21341e7c1d6a40cdde6ef470fec92

Package: reshape2
Source: CRAN
Version: 1.4.1
Hash: d3d77b083fd5485f674487aa23011ea7
Requires: Rcpp, plyr, stringr

Package: rgdal
Source: CRAN
Version: 0.9-1
Hash: 37c635fde819a572a153bb22535ab5f0
Requires: sp

Package: rjson
Source: CRAN
Version: 0.2.15
Hash: f78059fac4af154bfe46bf547ae12be9

Package: rmarkdown
Source: CRAN
Version: 0.5.1
Hash: 2d87f70c12c5558c50c4b3587fc6f499
Requires: caTools, htmltools, knitr, yaml

Package: scales
Source: CRAN
Version: 0.2.4
Hash: b8b1af97bd07818605223060386b00dd
Requires: RColorBrewer, dichromat, labeling, munsell, plyr

Package: shiny
Source: CRAN
Version: 0.11.1
Hash: d09cdcd85e54b44e91af964cb979508f
Requires: R6, RJSONIO, digest, htmltools, httpuv, mime, xtable

Package: slam
Source: CRAN
Version: 0.1-32
Hash: 386459f8847d35643302350b84520955

Package: sp
Source: CRAN
Version: 1.0-17
Hash: 29bd0f1fc6cba0edf00eafe2b5b8e9d0
Requires: lattice

Package: stringi
Source: github
Version: 0.5-1
Hash: d239d506916b95c36ccdb78e56049e078e32bca8
GithubRepo: stringi
GithubUsername: Rexamine
GithubRef: master
GithubSha1: d239d506916b95c36ccdb78e56049e078e32bca8

Package: stringr
Source: CRAN
Version: 0.6.2
Hash: 7ce5d108d30a763139d12ca208401919
Requires: magrittr, stringi

Package: tidyr
Source: CRAN
Version: 0.2.0
Hash: 3b379415e9e88d4f559b380819893304
Requires: dplyr, lazyeval, reshape2, stringi

Package: tm
Source: CRAN
Version: 0.6
Hash: aa73d34f04feed428fc98fbb258d0239
Requires: NLP, slam

Package: whisker
Source: CRAN
Version: 0.3-2
Hash: 186ab2937fec1694c8a63009a2389c4e

Package: xtable
Source: CRAN
Version: 1.7-4
Hash: 7b30b5ca6c7ae80c4f916502e3ad0237

Package: yaml
Source: CRAN
Version: 2.1.13
Hash: e5d041c001f6d641fd009c1f6ef7d831
